
Microsoft Visual Studio Solution File, Format Version 12.00
# Visual Studio Version 17
VisualStudioVersion = 17.14.36414.22
MinimumVisualStudioVersion = 10.0.40219.1
Project("{2150E333-8FDC-42A3-9474-1A3956D46DE8}") = "AI Chat", "AI Chat", "{8739C873-D24A-4EA7-AABA-18C8E73D6DE7}"
EndProject
Project("{FAE04EC0-301F-11D3-BF4B-00C04F79EFBC}") = "ChatApp_RAG_Ollama", "ChatApp_RAG_Ollama\ChatApp_RAG_Ollama.csproj", "{2CCFC759-51EA-1B10-D675-CC7AE4CDCCBA}"
EndProject
Global
	GlobalSection(SolutionConfigurationPlatforms) = preSolution
		Debug|Any CPU = Debug|Any CPU
		Release|Any CPU = Release|Any CPU
	EndGlobalSection
	GlobalSection(ProjectConfigurationPlatforms) = postSolution
		{2CCFC759-51EA-1B10-D675-CC7AE4CDCCBA}.Debug|Any CPU.ActiveCfg = Debug|Any CPU
		{2CCFC759-51EA-1B10-D675-CC7AE4CDCCBA}.Debug|Any CPU.Build.0 = Debug|Any CPU
		{2CCFC759-51EA-1B10-D675-CC7AE4CDCCBA}.Release|Any CPU.ActiveCfg = Release|Any CPU
		{2CCFC759-51EA-1B10-D675-CC7AE4CDCCBA}.Release|Any CPU.Build.0 = Release|Any CPU
	EndGlobalSection
	GlobalSection(SolutionProperties) = preSolution
		HideSolutionNode = FALSE
	EndGlobalSection
	GlobalSection(NestedProjects) = preSolution
		{2CCFC759-51EA-1B10-D675-CC7AE4CDCCBA} = {8739C873-D24A-4EA7-AABA-18C8E73D6DE7}
	EndGlobalSection
	GlobalSection(ExtensibilityGlobals) = postSolution
		SolutionGuid = {B2DCDD57-CBAB-4FB1-84C3-6A2810D486DE}
	EndGlobalSection
EndGlobal
